
Microsoft Visual Studio Solution File, Format Version 12.00
# Visual Studio Version 17
VisualStudioVersion = 17.5.002.0
MinimumVisualStudioVersion = 10.0.40219.1
Project("{2150E333-8FDC-42A3-9474-1A3956D46DE8}") = "src", "src", "{F3E5DD60-A5A8-4F43-B922-63906CA7A683}"
EndProject
Project("{2150E333-8FDC-42A3-9474-1A3956D46DE8}") = "ode", "ode", "{98BBA088-78E1-430D-B7BE-423DF06F45B2}"
EndProject
Project("{2150E333-8FDC-42A3-9474-1A3956D46DE8}") = "single-step", "single-step", "{FA8D40EE-AF5D-4057-9A84-E7A5A802C7F4}"
EndProject
Project("{6EC3EE1D-3C4E-46DD-8F32-0CC8E7565705}") = "runge-kutta", "src\ode\single-step\runge-kutta\runge-kutta.fsproj", "{9F88C21A-8749-44FB-8C58-FBDADD1F23C1}"
EndProject
Project("{2150E333-8FDC-42A3-9474-1A3956D46DE8}") = ".solution", ".solution", "{A6DEAE50-0F94-49A3-B8AF-0B7ADEFD5C62}"
EndProject
Project("{2150E333-8FDC-42A3-9474-1A3956D46DE8}") = ".github", ".github", "{2C97DA30-243B-43B2-B766-9FA750D6CE5A}"
EndProject
Project("{2150E333-8FDC-42A3-9474-1A3956D46DE8}") = "workflows", "workflows", "{E0C23838-BD36-4B0E-9F50-F1F584276E96}"
	ProjectSection(SolutionItems) = preProject
		.github\workflows\master.yml = .github\workflows\master.yml
	EndProjectSection
EndProject
Project("{6EC3EE1D-3C4E-46DD-8F32-0CC8E7565705}") = "number", "src\number\number.fsproj", "{2C181DFA-C85B-4EE9-B04D-E902F7AD3FA0}"
EndProject
Project("{2150E333-8FDC-42A3-9474-1A3956D46DE8}") = "tst", "tst", "{A165B915-7D10-4BA4-B803-DB94D6EDAA43}"
EndProject
Project("{6EC3EE1D-3C4E-46DD-8F32-0CC8E7565705}") = "number.Tests", "tst\number.Tests\number.Tests.fsproj", "{5A9EFE3A-F90E-4F0C-A184-F6DFABD2A65A}"
EndProject
Project("{9A19103F-16F7-4668-BE54-9A1E7A4F7556}") = "andes", "src\andes\andes.csproj", "{609E0C36-4E45-48D2-8990-182D2CCEC4B8}"
EndProject
Project("{2150E333-8FDC-42A3-9474-1A3956D46DE8}") = "dynamical-systems", "dynamical-systems", "{7B82BAC5-C6B2-4897-9A54-69D16E33DB03}"
EndProject
Project("{2150E333-8FDC-42A3-9474-1A3956D46DE8}") = "continuous-time", "continuous-time", "{FE68C953-5C7C-44DB-998D-BD372F04F079}"
EndProject
Project("{F2A71F9B-5D33-465A-A702-920D77279786}") = "ode", "src\dynamical-systems\continuous-time\ode\ode.fsproj", "{6694CAEE-0766-4BA9-A3B0-F9BC9AABE165}"
EndProject
Global
	GlobalSection(SolutionConfigurationPlatforms) = preSolution
		Debug|Any CPU = Debug|Any CPU
		Debug|x64 = Debug|x64
		Debug|x86 = Debug|x86
		Release|Any CPU = Release|Any CPU
		Release|x64 = Release|x64
		Release|x86 = Release|x86
	EndGlobalSection
	GlobalSection(ProjectConfigurationPlatforms) = postSolution
		{9F88C21A-8749-44FB-8C58-FBDADD1F23C1}.Debug|Any CPU.ActiveCfg = Debug|Any CPU
		{9F88C21A-8749-44FB-8C58-FBDADD1F23C1}.Debug|Any CPU.Build.0 = Debug|Any CPU
		{9F88C21A-8749-44FB-8C58-FBDADD1F23C1}.Debug|x64.ActiveCfg = Debug|Any CPU
		{9F88C21A-8749-44FB-8C58-FBDADD1F23C1}.Debug|x64.Build.0 = Debug|Any CPU
		{9F88C21A-8749-44FB-8C58-FBDADD1F23C1}.Debug|x86.ActiveCfg = Debug|Any CPU
		{9F88C21A-8749-44FB-8C58-FBDADD1F23C1}.Debug|x86.Build.0 = Debug|Any CPU
		{9F88C21A-8749-44FB-8C58-FBDADD1F23C1}.Release|Any CPU.ActiveCfg = Release|Any CPU
		{9F88C21A-8749-44FB-8C58-FBDADD1F23C1}.Release|Any CPU.Build.0 = Release|Any CPU
		{9F88C21A-8749-44FB-8C58-FBDADD1F23C1}.Release|x64.ActiveCfg = Release|Any CPU
		{9F88C21A-8749-44FB-8C58-FBDADD1F23C1}.Release|x64.Build.0 = Release|Any CPU
		{9F88C21A-8749-44FB-8C58-FBDADD1F23C1}.Release|x86.ActiveCfg = Release|Any CPU
		{9F88C21A-8749-44FB-8C58-FBDADD1F23C1}.Release|x86.Build.0 = Release|Any CPU
		{2C181DFA-C85B-4EE9-B04D-E902F7AD3FA0}.Debug|Any CPU.ActiveCfg = Debug|Any CPU
		{2C181DFA-C85B-4EE9-B04D-E902F7AD3FA0}.Debug|Any CPU.Build.0 = Debug|Any CPU
		{2C181DFA-C85B-4EE9-B04D-E902F7AD3FA0}.Debug|x64.ActiveCfg = Debug|Any CPU
		{2C181DFA-C85B-4EE9-B04D-E902F7AD3FA0}.Debug|x64.Build.0 = Debug|Any CPU
		{2C181DFA-C85B-4EE9-B04D-E902F7AD3FA0}.Debug|x86.ActiveCfg = Debug|Any CPU
		{2C181DFA-C85B-4EE9-B04D-E902F7AD3FA0}.Debug|x86.Build.0 = Debug|Any CPU
		{2C181DFA-C85B-4EE9-B04D-E902F7AD3FA0}.Release|Any CPU.ActiveCfg = Release|Any CPU
		{2C181DFA-C85B-4EE9-B04D-E902F7AD3FA0}.Release|Any CPU.Build.0 = Release|Any CPU
		{2C181DFA-C85B-4EE9-B04D-E902F7AD3FA0}.Release|x64.ActiveCfg = Release|Any CPU
		{2C181DFA-C85B-4EE9-B04D-E902F7AD3FA0}.Release|x64.Build.0 = Release|Any CPU
		{2C181DFA-C85B-4EE9-B04D-E902F7AD3FA0}.Release|x86.ActiveCfg = Release|Any CPU
		{2C181DFA-C85B-4EE9-B04D-E902F7AD3FA0}.Release|x86.Build.0 = Release|Any CPU
		{5A9EFE3A-F90E-4F0C-A184-F6DFABD2A65A}.Debug|Any CPU.ActiveCfg = Debug|Any CPU
		{5A9EFE3A-F90E-4F0C-A184-F6DFABD2A65A}.Debug|Any CPU.Build.0 = Debug|Any CPU
		{5A9EFE3A-F90E-4F0C-A184-F6DFABD2A65A}.Debug|x64.ActiveCfg = Debug|Any CPU
		{5A9EFE3A-F90E-4F0C-A184-F6DFABD2A65A}.Debug|x64.Build.0 = Debug|Any CPU
		{5A9EFE3A-F90E-4F0C-A184-F6DFABD2A65A}.Debug|x86.ActiveCfg = Debug|Any CPU
		{5A9EFE3A-F90E-4F0C-A184-F6DFABD2A65A}.Debug|x86.Build.0 = Debug|Any CPU
		{5A9EFE3A-F90E-4F0C-A184-F6DFABD2A65A}.Release|Any CPU.ActiveCfg = Release|Any CPU
		{5A9EFE3A-F90E-4F0C-A184-F6DFABD2A65A}.Release|Any CPU.Build.0 = Release|Any CPU
		{5A9EFE3A-F90E-4F0C-A184-F6DFABD2A65A}.Release|x64.ActiveCfg = Release|Any CPU
		{5A9EFE3A-F90E-4F0C-A184-F6DFABD2A65A}.Release|x64.Build.0 = Release|Any CPU
		{5A9EFE3A-F90E-4F0C-A184-F6DFABD2A65A}.Release|x86.ActiveCfg = Release|Any CPU
		{5A9EFE3A-F90E-4F0C-A184-F6DFABD2A65A}.Release|x86.Build.0 = Release|Any CPU
		{609E0C36-4E45-48D2-8990-182D2CCEC4B8}.Debug|Any CPU.ActiveCfg = Debug|Any CPU
		{609E0C36-4E45-48D2-8990-182D2CCEC4B8}.Debug|Any CPU.Build.0 = Debug|Any CPU
		{609E0C36-4E45-48D2-8990-182D2CCEC4B8}.Debug|x64.ActiveCfg = Debug|Any CPU
		{609E0C36-4E45-48D2-8990-182D2CCEC4B8}.Debug|x64.Build.0 = Debug|Any CPU
		{609E0C36-4E45-48D2-8990-182D2CCEC4B8}.Debug|x86.ActiveCfg = Debug|Any CPU
		{609E0C36-4E45-48D2-8990-182D2CCEC4B8}.Debug|x86.Build.0 = Debug|Any CPU
		{609E0C36-4E45-48D2-8990-182D2CCEC4B8}.Release|Any CPU.ActiveCfg = Release|Any CPU
		{609E0C36-4E45-48D2-8990-182D2CCEC4B8}.Release|Any CPU.Build.0 = Release|Any CPU
		{609E0C36-4E45-48D2-8990-182D2CCEC4B8}.Release|x64.ActiveCfg = Release|Any CPU
		{609E0C36-4E45-48D2-8990-182D2CCEC4B8}.Release|x64.Build.0 = Release|Any CPU
		{609E0C36-4E45-48D2-8990-182D2CCEC4B8}.Release|x86.ActiveCfg = Release|Any CPU
		{609E0C36-4E45-48D2-8990-182D2CCEC4B8}.Release|x86.Build.0 = Release|Any CPU
		{6694CAEE-0766-4BA9-A3B0-F9BC9AABE165}.Debug|Any CPU.ActiveCfg = Debug|Any CPU
		{6694CAEE-0766-4BA9-A3B0-F9BC9AABE165}.Debug|Any CPU.Build.0 = Debug|Any CPU
		{6694CAEE-0766-4BA9-A3B0-F9BC9AABE165}.Debug|x64.ActiveCfg = Debug|Any CPU
		{6694CAEE-0766-4BA9-A3B0-F9BC9AABE165}.Debug|x64.Build.0 = Debug|Any CPU
		{6694CAEE-0766-4BA9-A3B0-F9BC9AABE165}.Debug|x86.ActiveCfg = Debug|Any CPU
		{6694CAEE-0766-4BA9-A3B0-F9BC9AABE165}.Debug|x86.Build.0 = Debug|Any CPU
		{6694CAEE-0766-4BA9-A3B0-F9BC9AABE165}.Release|Any CPU.ActiveCfg = Release|Any CPU
		{6694CAEE-0766-4BA9-A3B0-F9BC9AABE165}.Release|Any CPU.Build.0 = Release|Any CPU
		{6694CAEE-0766-4BA9-A3B0-F9BC9AABE165}.Release|x64.ActiveCfg = Release|Any CPU
		{6694CAEE-0766-4BA9-A3B0-F9BC9AABE165}.Release|x64.Build.0 = Release|Any CPU
		{6694CAEE-0766-4BA9-A3B0-F9BC9AABE165}.Release|x86.ActiveCfg = Release|Any CPU
		{6694CAEE-0766-4BA9-A3B0-F9BC9AABE165}.Release|x86.Build.0 = Release|Any CPU
	EndGlobalSection
	GlobalSection(SolutionProperties) = preSolution
		HideSolutionNode = FALSE
	EndGlobalSection
	GlobalSection(NestedProjects) = preSolution
		{98BBA088-78E1-430D-B7BE-423DF06F45B2} = {F3E5DD60-A5A8-4F43-B922-63906CA7A683}
		{FA8D40EE-AF5D-4057-9A84-E7A5A802C7F4} = {98BBA088-78E1-430D-B7BE-423DF06F45B2}
		{9F88C21A-8749-44FB-8C58-FBDADD1F23C1} = {FA8D40EE-AF5D-4057-9A84-E7A5A802C7F4}
		{2C97DA30-243B-43B2-B766-9FA750D6CE5A} = {A6DEAE50-0F94-49A3-B8AF-0B7ADEFD5C62}
		{E0C23838-BD36-4B0E-9F50-F1F584276E96} = {2C97DA30-243B-43B2-B766-9FA750D6CE5A}
		{2C181DFA-C85B-4EE9-B04D-E902F7AD3FA0} = {F3E5DD60-A5A8-4F43-B922-63906CA7A683}
		{5A9EFE3A-F90E-4F0C-A184-F6DFABD2A65A} = {A165B915-7D10-4BA4-B803-DB94D6EDAA43}
		{609E0C36-4E45-48D2-8990-182D2CCEC4B8} = {F3E5DD60-A5A8-4F43-B922-63906CA7A683}
		{7B82BAC5-C6B2-4897-9A54-69D16E33DB03} = {F3E5DD60-A5A8-4F43-B922-63906CA7A683}
		{FE68C953-5C7C-44DB-998D-BD372F04F079} = {7B82BAC5-C6B2-4897-9A54-69D16E33DB03}
		{6694CAEE-0766-4BA9-A3B0-F9BC9AABE165} = {FE68C953-5C7C-44DB-998D-BD372F04F079}
	EndGlobalSection
	GlobalSection(ExtensibilityGlobals) = postSolution
		SolutionGuid = {A603FD66-E719-43EB-BEB8-5E8D118A52C9}
	EndGlobalSection
EndGlobal
